
Microsoft Visual Studio Solution File, Format Version 12.00
# Visual Studio Version 16
VisualStudioVersion = 16.0.31729.503
MinimumVisualStudioVersion = 10.0.40219.1
Project("{9A19103F-16F7-4668-BE54-9A1E7A4F7556}") = "IniciarSesion", "IniciarSesion\IniciarSesion.csproj", "{14511445-9A2F-4D3F-A682-E00131DD0EA6}"
EndProject
Global
	GlobalSection(SolutionConfigurationPlatforms) = preSolution
		Debug|Any CPU = Debug|Any CPU
		Release|Any CPU = Release|Any CPU
	EndGlobalSection
	GlobalSection(ProjectConfigurationPlatforms) = postSolution
		{14511445-9A2F-4D3F-A682-E00131DD0EA6}.Debug|Any CPU.ActiveCfg = Debug|Any CPU
		{14511445-9A2F-4D3F-A682-E00131DD0EA6}.Debug|Any CPU.Build.0 = Debug|Any CPU
		{14511445-9A2F-4D3F-A682-E00131DD0EA6}.Release|Any CPU.ActiveCfg = Release|Any CPU
		{14511445-9A2F-4D3F-A682-E00131DD0EA6}.Release|Any CPU.Build.0 = Release|Any CPU
	EndGlobalSection
	GlobalSection(SolutionProperties) = preSolution
		HideSolutionNode = FALSE
	EndGlobalSection
	GlobalSection(ExtensibilityGlobals) = postSolution
		SolutionGuid = {31206920-978E-447F-B0F6-534787EDABB0}
	EndGlobalSection
EndGlobal
